// !$*UTF8*$!
{
	archiveVersion = 1;
	classes = {
	};
	objectVersion = 56;
	objects = {

/* Begin PBXBuildFile section */
		0630DC162A2F624D009EB23B /* LexicalLinkPlugin in Frameworks */ = {isa = PBXBuildFile; productRef = 0630DC152A2F624D009EB23B /* LexicalLinkPlugin */; };
		0656CF7929D1E438009CA08F /* AppDelegate.swift in Sources */ = {isa = PBXBuildFile; fileRef = 0656CF7829D1E438009CA08F /* AppDelegate.swift */; };
		0656CF7D29D1E438009CA08F /* ViewController.swift in Sources */ = {isa = PBXBuildFile; fileRef = 0656CF7C29D1E438009CA08F /* ViewController.swift */; };
		0656CF8229D1E439009CA08F /* Assets.xcassets in Resources */ = {isa = PBXBuildFile; fileRef = 0656CF8129D1E439009CA08F /* Assets.xcassets */; };
		0656CF8529D1E439009CA08F /* LaunchScreen.storyboard in Resources */ = {isa = PBXBuildFile; fileRef = 0656CF8329D1E439009CA08F /* LaunchScreen.storyboard */; };
		0656CF9029D1ED8F009CA08F /* ToolbarPlugin.swift in Sources */ = {isa = PBXBuildFile; fileRef = 0656CF8F29D1ED8F009CA08F /* ToolbarPlugin.swift */; };
		0656CF9929D23743009CA08F /* Lexical in Frameworks */ = {isa = PBXBuildFile; productRef = 0656CF9829D23743009CA08F /* Lexical */; };
		0656CFA229D48391009CA08F /* LexicalListPlugin in Frameworks */ = {isa = PBXBuildFile; productRef = 0656CFA129D48391009CA08F /* LexicalListPlugin */; };
		065B5C862A22291C003A38DB /* SelectableDecoratorNode in Frameworks */ = {isa = PBXBuildFile; productRef = 065B5C852A22291C003A38DB /* SelectableDecoratorNode */; };
		065F9DF72A5EC1D600C95087 /* EditorHistoryPlugin in Frameworks */ = {isa = PBXBuildFile; productRef = 065F9DF62A5EC1D600C95087 /* EditorHistoryPlugin */; };
		069E59DB2A1EBF1700CA4296 /* LexicalHTML in Frameworks */ = {isa = PBXBuildFile; productRef = 069E59DA2A1EBF1700CA4296 /* LexicalHTML */; };
		069E59DD2A1F726D00CA4296 /* ExportOutputViewController.swift in Sources */ = {isa = PBXBuildFile; fileRef = 069E59DC2A1F726D00CA4296 /* ExportOutputViewController.swift */; };
		069E59DF2A1F7EFB00CA4296 /* LexicalListHTMLSupport in Frameworks */ = {isa = PBXBuildFile; productRef = 069E59DE2A1F7EFB00CA4296 /* LexicalListHTMLSupport */; };
		06CB47B429DE0139005AC7BD /* NodeHierarchyViewPlugin.swift in Sources */ = {isa = PBXBuildFile; fileRef = 06CB47B329DE0139005AC7BD /* NodeHierarchyViewPlugin.swift */; };
		06F7CF942A542E4E0024CD5A /* LexicalInlineImagePlugin in Frameworks */ = {isa = PBXBuildFile; productRef = 06F7CF932A542E4E0024CD5A /* LexicalInlineImagePlugin */; };
		06F7CF962A545C7C0024CD5A /* lexical-logo.png in Resources */ = {isa = PBXBuildFile; fileRef = 06F7CF952A545C7C0024CD5A /* lexical-logo.png */; };
		3C48FEE42B04F2C5009BBFA2 /* LexicalMarkdown in Frameworks */ = {isa = PBXBuildFile; productRef = 3C48FEE32B04F2C5009BBFA2 /* LexicalMarkdown */; };
		7F15C9D82CECC47F0013B5FB /* DecoratorBlockNode in Frameworks */ = {isa = PBXBuildFile; productRef = 7F15C9D72CECC47F0013B5FB /* DecoratorBlockNode */; };
/* End PBXBuildFile section */

/* Begin PBXFileReference section */
		0656CF7529D1E438009CA08F /* LexicalPlayground.app */ = {isa = PBXFileReference; explicitFileType = wrapper.application; includeInIndex = 0; path = LexicalPlayground.app; sourceTree = BUILT_PRODUCTS_DIR; };
		0656CF7829D1E438009CA08F /* AppDelegate.swift */ = {isa = PBXFileReference; lastKnownFileType = sourcecode.swift; path = AppDelegate.swift; sourceTree = "<group>"; };
		0656CF7C29D1E438009CA08F /* ViewController.swift */ = {isa = PBXFileReference; lastKnownFileType = sourcecode.swift; path = ViewController.swift; sourceTree = "<group>"; };
		0656CF8129D1E439009CA08F /* Assets.xcassets */ = {isa = PBXFileReference; lastKnownFileType = folder.assetcatalog; path = Assets.xcassets; sourceTree = "<group>"; };
		0656CF8429D1E439009CA08F /* Base */ = {isa = PBXFileReference; lastKnownFileType = file.storyboard; name = Base; path = Base.lproj/LaunchScreen.storyboard; sourceTree = "<group>"; };
		0656CF8629D1E439009CA08F /* Info.plist */ = {isa = PBXFileReference; lastKnownFileType = text.plist.xml; path = Info.plist; sourceTree = "<group>"; };
		0656CF8F29D1ED8F009CA08F /* ToolbarPlugin.swift */ = {isa = PBXFileReference; lastKnownFileType = sourcecode.swift; path = ToolbarPlugin.swift; sourceTree = "<group>"; };
		0656CFA029D4837C009CA08F /* lexical-ios */ = {isa = PBXFileReference; lastKnownFileType = wrapper; name = "lexical-ios"; path = ..; sourceTree = "<group>"; };
		069E59DC2A1F726D00CA4296 /* ExportOutputViewController.swift */ = {isa = PBXFileReference; lastKnownFileType = sourcecode.swift; path = ExportOutputViewController.swift; sourceTree = "<group>"; };
		06CB47B329DE0139005AC7BD /* NodeHierarchyViewPlugin.swift */ = {isa = PBXFileReference; lastKnownFileType = sourcecode.swift; path = NodeHierarchyViewPlugin.swift; sourceTree = "<group>"; };
		06F7CF952A545C7C0024CD5A /* lexical-logo.png */ = {isa = PBXFileReference; lastKnownFileType = image.png; path = "lexical-logo.png"; sourceTree = "<group>"; };
/* End PBXFileReference section */

/* Begin PBXFrameworksBuildPhase section */
		0656CF7229D1E438009CA08F /* Frameworks */ = {
			isa = PBXFrameworksBuildPhase;
			buildActionMask = 2147483647;
			files = (
				0656CFA229D48391009CA08F /* LexicalListPlugin in Frameworks */,
				3C48FEE42B04F2C5009BBFA2 /* LexicalMarkdown in Frameworks */,
				065B5C862A22291C003A38DB /* SelectableDecoratorNode in Frameworks */,
				069E59DB2A1EBF1700CA4296 /* LexicalHTML in Frameworks */,
				7F15C9D82CECC47F0013B5FB /* DecoratorBlockNode in Frameworks */,
				065F9DF72A5EC1D600C95087 /* EditorHistoryPlugin in Frameworks */,
				069E59DF2A1F7EFB00CA4296 /* LexicalListHTMLSupport in Frameworks */,
				0630DC162A2F624D009EB23B /* LexicalLinkPlugin in Frameworks */,
				0656CF9929D23743009CA08F /* Lexical in Frameworks */,
				06F7CF942A542E4E0024CD5A /* LexicalInlineImagePlugin in Frameworks */,
			);
			runOnlyForDeploymentPostprocessing = 0;
		};
/* End PBXFrameworksBuildPhase section */

/* Begin PBXGroup section */
		0656CF6C29D1E437009CA08F = {
			isa = PBXGroup;
			children = (
				0656CF9F29D4837C009CA08F /* Packages */,
				0656CF7729D1E438009CA08F /* LexicalPlayground */,
				0656CF7629D1E438009CA08F /* Products */,
				0656CF9729D23743009CA08F /* Frameworks */,
			);
			sourceTree = "<group>";
		};
		0656CF7629D1E438009CA08F /* Products */ = {
			isa = PBXGroup;
			children = (
				0656CF7529D1E438009CA08F /* LexicalPlayground.app */,
			);
			name = Products;
			sourceTree = "<group>";
		};
		0656CF7729D1E438009CA08F /* LexicalPlayground */ = {
			isa = PBXGroup;
			children = (
				0656CF7829D1E438009CA08F /* AppDelegate.swift */,
				0656CF7C29D1E438009CA08F /* ViewController.swift */,
				069E59DC2A1F726D00CA4296 /* ExportOutputViewController.swift */,
				0656CF8F29D1ED8F009CA08F /* ToolbarPlugin.swift */,
				06CB47B329DE0139005AC7BD /* NodeHierarchyViewPlugin.swift */,
				0656CF8129D1E439009CA08F /* Assets.xcassets */,
				06F7CF952A545C7C0024CD5A /* lexical-logo.png */,
				0656CF8329D1E439009CA08F /* LaunchScreen.storyboard */,
				0656CF8629D1E439009CA08F /* Info.plist */,
			);
			path = LexicalPlayground;
			sourceTree = "<group>";
		};
		0656CF9729D23743009CA08F /* Frameworks */ = {
			isa = PBXGroup;
			children = (
			);
			name = Frameworks;
			sourceTree = "<group>";
		};
		0656CF9F29D4837C009CA08F /* Packages */ = {
			isa = PBXGroup;
			children = (
				0656CFA029D4837C009CA08F /* lexical-ios */,
			);
			name = Packages;
			sourceTree = "<group>";
		};
/* End PBXGroup section */

/* Begin PBXNativeTarget section */
		0656CF7429D1E438009CA08F /* LexicalPlayground */ = {
			isa = PBXNativeTarget;
			buildConfigurationList = 0656CF8929D1E439009CA08F /* Build configuration list for PBXNativeTarget "LexicalPlayground" */;
			buildPhases = (
				0656CF7129D1E438009CA08F /* Sources */,
				0656CF7229D1E438009CA08F /* Frameworks */,
				0656CF7329D1E438009CA08F /* Resources */,
			);
			buildRules = (
			);
			dependencies = (
				0656CF9629D2373C009CA08F /* PBXTargetDependency */,
			);
			name = LexicalPlayground;
			packageProductDependencies = (
				0656CF9829D23743009CA08F /* Lexical */,
				0656CFA129D48391009CA08F /* LexicalListPlugin */,
				069E59DA2A1EBF1700CA4296 /* LexicalHTML */,
				069E59DE2A1F7EFB00CA4296 /* LexicalListHTMLSupport */,
				0630DC152A2F624D009EB23B /* LexicalLinkPlugin */,
				06F7CF932A542E4E0024CD5A /* LexicalInlineImagePlugin */,
				065B5C852A22291C003A38DB /* SelectableDecoratorNode */,
				065F9DF62A5EC1D600C95087 /* EditorHistoryPlugin */,
				3C48FEE32B04F2C5009BBFA2 /* LexicalMarkdown */,
				7F15C9D72CECC47F0013B5FB /* DecoratorBlockNode */,
			);
			productName = LexicalPlayground;
			productReference = 0656CF7529D1E438009CA08F /* LexicalPlayground.app */;
			productType = "com.apple.product-type.application";
		};
/* End PBXNativeTarget section */

/* Begin PBXProject section */
		0656CF6D29D1E438009CA08F /* Project object */ = {
			isa = PBXProject;
			attributes = {
				BuildIndependentTargetsInParallel = 1;
				LastSwiftUpdateCheck = 1420;
				LastUpgradeCheck = 1420;
				TargetAttributes = {
					0656CF7429D1E438009CA08F = {
						CreatedOnToolsVersion = 14.2;
					};
				};
			};
			buildConfigurationList = 0656CF7029D1E438009CA08F /* Build configuration list for PBXProject "LexicalPlayground" */;
			compatibilityVersion = "Xcode 14.0";
			developmentRegion = en;
			hasScannedForEncodings = 0;
			knownRegions = (
				en,
				Base,
			);
			mainGroup = 0656CF6C29D1E437009CA08F;
			packageReferences = (
			);
			productRefGroup = 0656CF7629D1E438009CA08F /* Products */;
			projectDirPath = "";
			projectRoot = "";
			targets = (
				0656CF7429D1E438009CA08F /* LexicalPlayground */,
			);
		};
/* End PBXProject section */

/* Begin PBXResourcesBuildPhase section */
		0656CF7329D1E438009CA08F /* Resources */ = {
			isa = PBXResourcesBuildPhase;
			buildActionMask = 2147483647;
			files = (
				06F7CF962A545C7C0024CD5A /* lexical-logo.png in Resources */,
				0656CF8529D1E439009CA08F /* LaunchScreen.storyboard in Resources */,
				0656CF8229D1E439009CA08F /* Assets.xcassets in Resources */,
			);
			runOnlyForDeploymentPostprocessing = 0;
		};
/* End PBXResourcesBuildPhase section */

/* Begin PBXSourcesBuildPhase section */
		0656CF7129D1E438009CA08F /* Sources */ = {
			isa = PBXSourcesBuildPhase;
			buildActionMask = 2147483647;
			files = (
				0656CF7D29D1E438009CA08F /* ViewController.swift in Sources */,
				0656CF7929D1E438009CA08F /* AppDelegate.swift in Sources */,
				0656CF9029D1ED8F009CA08F /* ToolbarPlugin.swift in Sources */,
				069E59DD2A1F726D00CA4296 /* ExportOutputViewController.swift in Sources */,
				06CB47B429DE0139005AC7BD /* NodeHierarchyViewPlugin.swift in Sources */,
			);
			runOnlyForDeploymentPostprocessing = 0;
		};
/* End PBXSourcesBuildPhase section */

/* Begin PBXTargetDependency section */
		0656CF9629D2373C009CA08F /* PBXTargetDependency */ = {
			isa = PBXTargetDependency;
			productRef = 0656CF9529D2373C009CA08F /* Lexical */;
		};
/* End PBXTargetDependency section */

/* Begin PBXVariantGroup section */
		0656CF8329D1E439009CA08F /* LaunchScreen.storyboard */ = {
			isa = PBXVariantGroup;
			children = (
				0656CF8429D1E439009CA08F /* Base */,
			);
			name = LaunchScreen.storyboard;
			sourceTree = "<group>";
		};
/* End PBXVariantGroup section */

/* Begin XCBuildConfiguration section */
		0656CF8729D1E439009CA08F /* Debug */ = {
			isa = XCBuildConfiguration;
			buildSettings = {
				ALWAYS_SEARCH_USER_PATHS = NO;
				CLANG_ANALYZER_NONNULL = YES;
				CLANG_ANALYZER_NUMBER_OBJECT_CONVERSION = YES_AGGRESSIVE;
				CLANG_CXX_LANGUAGE_STANDARD = "gnu++20";
				CLANG_ENABLE_MODULES = YES;
				CLANG_ENABLE_OBJC_ARC = YES;
				CLANG_ENABLE_OBJC_WEAK = YES;
				CLANG_WARN_BLOCK_CAPTURE_AUTORELEASING = YES;
				CLANG_WARN_BOOL_CONVERSION = YES;
				CLANG_WARN_COMMA = YES;
				CLANG_WARN_CONSTANT_CONVERSION = YES;
				CLANG_WARN_DEPRECATED_OBJC_IMPLEMENTATIONS = YES;
				CLANG_WARN_DIRECT_OBJC_ISA_USAGE = YES_ERROR;
				CLANG_WARN_DOCUMENTATION_COMMENTS = YES;
				CLANG_WARN_EMPTY_BODY = YES;
				CLANG_WARN_ENUM_CONVERSION = YES;
				CLANG_WARN_INFINITE_RECURSION = YES;
				CLANG_WARN_INT_CONVERSION = YES;
				CLANG_WARN_NON_LITERAL_NULL_CONVERSION = YES;
				CLANG_WARN_OBJC_IMPLICIT_RETAIN_SELF = YES;
				CLANG_WARN_OBJC_LITERAL_CONVERSION = YES;
				CLANG_WARN_OBJC_ROOT_CLASS = YES_ERROR;
				CLANG_WARN_QUOTED_INCLUDE_IN_FRAMEWORK_HEADER = YES;
				CLANG_WARN_RANGE_LOOP_ANALYSIS = YES;
				CLANG_WARN_STRICT_PROTOTYPES = YES;
				CLANG_WARN_SUSPICIOUS_MOVE = YES;
				CLANG_WARN_UNGUARDED_AVAILABILITY = YES_AGGRESSIVE;
				CLANG_WARN_UNREACHABLE_CODE = YES;
				CLANG_WARN__DUPLICATE_METHOD_MATCH = YES;
				COPY_PHASE_STRIP = NO;
				DEBUG_INFORMATION_FORMAT = dwarf;
				ENABLE_STRICT_OBJC_MSGSEND = YES;
				ENABLE_TESTABILITY = YES;
				GCC_C_LANGUAGE_STANDARD = gnu11;
				GCC_DYNAMIC_NO_PIC = NO;
				GCC_NO_COMMON_BLOCKS = YES;
				GCC_OPTIMIZATION_LEVEL = 0;
				GCC_PREPROCESSOR_DEFINITIONS = (
					"DEBUG=1",
					"$(inherited)",
				);
				GCC_WARN_64_TO_32_BIT_CONVERSION = YES;
				GCC_WARN_ABOUT_RETURN_TYPE = YES_ERROR;
				GCC_WARN_UNDECLARED_SELECTOR = YES;
				GCC_WARN_UNINITIALIZED_AUTOS = YES_AGGRESSIVE;
				GCC_WARN_UNUSED_FUNCTION = YES;
				GCC_WARN_UNUSED_VARIABLE = YES;
				IPHONEOS_DEPLOYMENT_TARGET = 16.2;
				MTL_ENABLE_DEBUG_INFO = INCLUDE_SOURCE;
				MTL_FAST_MATH = YES;
				ONLY_ACTIVE_ARCH = YES;
				SDKROOT = iphoneos;
				SWIFT_ACTIVE_COMPILATION_CONDITIONS = DEBUG;
				SWIFT_OPTIMIZATION_LEVEL = "-Onone";
			};
			name = Debug;
		};
		0656CF8829D1E439009CA08F /* Release */ = {
			isa = XCBuildConfiguration;
			buildSettings = {
				ALWAYS_SEARCH_USER_PATHS = NO;
				CLANG_ANALYZER_NONNULL = YES;
				CLANG_ANALYZER_NUMBER_OBJECT_CONVERSION = YES_AGGRESSIVE;
				CLANG_CXX_LANGUAGE_STANDARD = "gnu++20";
				CLANG_ENABLE_MODULES = YES;
				CLANG_ENABLE_OBJC_ARC = YES;
				CLANG_ENABLE_OBJC_WEAK = YES;
				CLANG_WARN_BLOCK_CAPTURE_AUTORELEASING = YES;
				CLANG_WARN_BOOL_CONVERSION = YES;
				CLANG_WARN_COMMA = YES;
				CLANG_WARN_CONSTANT_CONVERSION = YES;
				CLANG_WARN_DEPRECATED_OBJC_IMPLEMENTATIONS = YES;
				CLANG_WARN_DIRECT_OBJC_ISA_USAGE = YES_ERROR;
				CLANG_WARN_DOCUMENTATION_COMMENTS = YES;
				CLANG_WARN_EMPTY_BODY = YES;
				CLANG_WARN_ENUM_CONVERSION = YES;
				CLANG_WARN_INFINITE_RECURSION = YES;
				CLANG_WARN_INT_CONVERSION = YES;
				CLANG_WARN_NON_LITERAL_NULL_CONVERSION = YES;
				CLANG_WARN_OBJC_IMPLICIT_RETAIN_SELF = YES;
				CLANG_WARN_OBJC_LITERAL_CONVERSION = YES;
				CLANG_WARN_OBJC_ROOT_CLASS = YES_ERROR;
				CLANG_WARN_QUOTED_INCLUDE_IN_FRAMEWORK_HEADER = YES;
				CLANG_WARN_RANGE_LOOP_ANALYSIS = YES;
				CLANG_WARN_STRICT_PROTOTYPES = YES;
				CLANG_WARN_SUSPICIOUS_MOVE = YES;
				CLANG_WARN_UNGUARDED_AVAILABILITY = YES_AGGRESSIVE;
				CLANG_WARN_UNREACHABLE_CODE = YES;
				CLANG_WARN__DUPLICATE_METHOD_MATCH = YES;
				COPY_PHASE_STRIP = NO;
				DEBUG_INFORMATION_FORMAT = "dwarf-with-dsym";
				ENABLE_NS_ASSERTIONS = NO;
				ENABLE_STRICT_OBJC_MSGSEND = YES;
				GCC_C_LANGUAGE_STANDARD = gnu11;
				GCC_NO_COMMON_BLOCKS = YES;
				GCC_WARN_64_TO_32_BIT_CONVERSION = YES;
				GCC_WARN_ABOUT_RETURN_TYPE = YES_ERROR;
				GCC_WARN_UNDECLARED_SELECTOR = YES;
				GCC_WARN_UNINITIALIZED_AUTOS = YES_AGGRESSIVE;
				GCC_WARN_UNUSED_FUNCTION = YES;
				GCC_WARN_UNUSED_VARIABLE = YES;
				IPHONEOS_DEPLOYMENT_TARGET = 16.2;
				MTL_ENABLE_DEBUG_INFO = NO;
				MTL_FAST_MATH = YES;
				SDKROOT = iphoneos;
				SWIFT_COMPILATION_MODE = wholemodule;
				SWIFT_OPTIMIZATION_LEVEL = "-O";
				VALIDATE_PRODUCT = YES;
			};
			name = Release;
		};
		0656CF8A29D1E439009CA08F /* Debug */ = {
			isa = XCBuildConfiguration;
			buildSettings = {
				ASSETCATALOG_COMPILER_APPICON_NAME = AppIcon;
				ASSETCATALOG_COMPILER_GLOBAL_ACCENT_COLOR_NAME = AccentColor;
				CODE_SIGN_STYLE = Automatic;
				CURRENT_PROJECT_VERSION = 1;
				GENERATE_INFOPLIST_FILE = YES;
				INFOPLIST_FILE = LexicalPlayground/Info.plist;
				INFOPLIST_KEY_UIApplicationSupportsIndirectInputEvents = YES;
				INFOPLIST_KEY_UILaunchStoryboardName = LaunchScreen;
				INFOPLIST_KEY_UISupportedInterfaceOrientations_iPad = "UIInterfaceOrientationPortrait UIInterfaceOrientationPortraitUpsideDown UIInterfaceOrientationLandscapeLeft UIInterfaceOrientationLandscapeRight";
				INFOPLIST_KEY_UISupportedInterfaceOrientations_iPhone = "UIInterfaceOrientationPortrait UIInterfaceOrientationLandscapeLeft UIInterfaceOrientationLandscapeRight";
				LD_RUNPATH_SEARCH_PATHS = (
					"$(inherited)",
					"@executable_path/Frameworks",
				);
				MARKETING_VERSION = 1.0;
				PRODUCT_BUNDLE_IDENTIFIER = com.facebook.LexicalPlayground;
				PRODUCT_NAME = "$(TARGET_NAME)";
				SWIFT_EMIT_LOC_STRINGS = YES;
				SWIFT_VERSION = 5.0;
				TARGETED_DEVICE_FAMILY = "1,2";
			};
			name = Debug;
		};
		0656CF8B29D1E439009CA08F /* Release */ = {
			isa = XCBuildConfiguration;
			buildSettings = {
				ASSETCATALOG_COMPILER_APPICON_NAME = AppIcon;
				ASSETCATALOG_COMPILER_GLOBAL_ACCENT_COLOR_NAME = AccentColor;
				CODE_SIGN_STYLE = Automatic;
				CURRENT_PROJECT_VERSION = 1;
				GENERATE_INFOPLIST_FILE = YES;
				INFOPLIST_FILE = LexicalPlayground/Info.plist;
				INFOPLIST_KEY_UIApplicationSupportsIndirectInputEvents = YES;
				INFOPLIST_KEY_UILaunchStoryboardName = LaunchScreen;
				INFOPLIST_KEY_UISupportedInterfaceOrientations_iPad = "UIInterfaceOrientationPortrait UIInterfaceOrientationPortraitUpsideDown UIInterfaceOrientationLandscapeLeft UIInterfaceOrientationLandscapeRight";
				INFOPLIST_KEY_UISupportedInterfaceOrientations_iPhone = "UIInterfaceOrientationPortrait UIInterfaceOrientationLandscapeLeft UIInterfaceOrientationLandscapeRight";
				LD_RUNPATH_SEARCH_PATHS = (
					"$(inherited)",
					"@executable_path/Frameworks",
				);
				MARKETING_VERSION = 1.0;
				PRODUCT_BUNDLE_IDENTIFIER = com.facebook.LexicalPlayground;
				PRODUCT_NAME = "$(TARGET_NAME)";
				SWIFT_EMIT_LOC_STRINGS = YES;
				SWIFT_VERSION = 5.0;
				TARGETED_DEVICE_FAMILY = "1,2";
			};
			name = Release;
		};
/* End XCBuildConfiguration section */

/* Begin XCConfigurationList section */
		0656CF7029D1E438009CA08F /* Build configuration list for PBXProject "LexicalPlayground" */ = {
			isa = XCConfigurationList;
			buildConfigurations = (
				0656CF8729D1E439009CA08F /* Debug */,
				0656CF8829D1E439009CA08F /* Release */,
			);
			defaultConfigurationIsVisible = 0;
			defaultConfigurationName = Release;
		};
		0656CF8929D1E439009CA08F /* Build configuration list for PBXNativeTarget "LexicalPlayground" */ = {
			isa = XCConfigurationList;
			buildConfigurations = (
				0656CF8A29D1E439009CA08F /* Debug */,
				0656CF8B29D1E439009CA08F /* Release */,
			);
			defaultConfigurationIsVisible = 0;
			defaultConfigurationName = Release;
		};
/* End XCConfigurationList section */

/* Begin XCSwiftPackageProductDependency section */
		0630DC152A2F624D009EB23B /* LexicalLinkPlugin */ = {
			isa = XCSwiftPackageProductDependency;
			productName = LexicalLinkPlugin;
		};
		0656CF9529D2373C009CA08F /* Lexical */ = {
			isa = XCSwiftPackageProductDependency;
			productName = Lexical;
		};
		0656CF9829D23743009CA08F /* Lexical */ = {
			isa = XCSwiftPackageProductDependency;
			productName = Lexical;
		};
		0656CFA129D48391009CA08F /* LexicalListPlugin */ = {
			isa = XCSwiftPackageProductDependency;
			productName = LexicalListPlugin;
		};
		065B5C852A22291C003A38DB /* SelectableDecoratorNode */ = {
			isa = XCSwiftPackageProductDependency;
			productName = SelectableDecoratorNode;
		};
		065F9DF62A5EC1D600C95087 /* EditorHistoryPlugin */ = {
			isa = XCSwiftPackageProductDependency;
			productName = EditorHistoryPlugin;
		};
		069E59DA2A1EBF1700CA4296 /* LexicalHTML */ = {
			isa = XCSwiftPackageProductDependency;
			productName = LexicalHTML;
		};
		069E59DE2A1F7EFB00CA4296 /* LexicalListHTMLSupport */ = {
			isa = XCSwiftPackageProductDependency;
			productName = LexicalListHTMLSupport;
		};
		06F7CF932A542E4E0024CD5A /* LexicalInlineImagePlugin */ = {
			isa = XCSwiftPackageProductDependency;
			productName = LexicalInlineImagePlugin;
		};
		3C48FEE32B04F2C5009BBFA2 /* LexicalMarkdown */ = {
			isa = XCSwiftPackageProductDependency;
			productName = LexicalMarkdown;
		};
		7F15C9D72CECC47F0013B5FB /* DecoratorBlockNode */ = {
			isa = XCSwiftPackageProductDependency;
			productName = DecoratorBlockNode;
		};
/* End XCSwiftPackageProductDependency section */
	};
	rootObject = 0656CF6D29D1E438009CA08F /* Project object */;
}
